// !$*UTF8*$!
{
	archiveVersion = 1;
	classes = {
	};
	objectVersion = 48;
	objects = {

/* Begin PBXBuildFile section */
		B767A9801FA8588200AF5D35 /* AppDelegate.swift in Sources */ = {isa = PBXBuildFile; fileRef = B767A97F1FA8588200AF5D35 /* AppDelegate.swift */; };
		B767A9821FA8588200AF5D35 /* FirstViewController.swift in Sources */ = {isa = PBXBuildFile; fileRef = B767A9811FA8588200AF5D35 /* FirstViewController.swift */; };
		B767A9841FA8588200AF5D35 /* SecondViewController.swift in Sources */ = {isa = PBXBuildFile; fileRef = B767A9831FA8588200AF5D35 /* SecondViewController.swift */; };
		B767A9871FA8588200AF5D35 /* Main.storyboard in Resources */ = {isa = PBXBuildFile; fileRef = B767A9851FA8588200AF5D35 /* Main.storyboard */; };
		B767A9891FA8588200AF5D35 /* Assets.xcassets in Resources */ = {isa = PBXBuildFile; fileRef = B767A9881FA8588200AF5D35 /* Assets.xcassets */; };
		B767A98C1FA8588200AF5D35 /* LaunchScreen.storyboard in Resources */ = {isa = PBXBuildFile; fileRef = B767A98A1FA8588200AF5D35 /* LaunchScreen.storyboard */; };
		B767A9971FA8588200AF5D35 /* EXSENSE_1_0Tests.swift in Sources */ = {isa = PBXBuildFile; fileRef = B767A9961FA8588200AF5D35 /* EXSENSE_1_0Tests.swift */; };
		B767A9A21FA8588200AF5D35 /* EXSENSE_1_0UITests.swift in Sources */ = {isa = PBXBuildFile; fileRef = B767A9A11FA8588200AF5D35 /* EXSENSE_1_0UITests.swift */; };
		B767A9B71FA85EB700AF5D35 /* BrightnessView.swift in Sources */ = {isa = PBXBuildFile; fileRef = B767A9B21FA85EB700AF5D35 /* BrightnessView.swift */; };
		B767A9B81FA85EB700AF5D35 /* ColorUtils.swift in Sources */ = {isa = PBXBuildFile; fileRef = B767A9B31FA85EB700AF5D35 /* ColorUtils.swift */; };
		B767A9B91FA85EB700AF5D35 /* SwiftHSVColorPicker.swift in Sources */ = {isa = PBXBuildFile; fileRef = B767A9B41FA85EB700AF5D35 /* SwiftHSVColorPicker.swift */; };
		B767A9BA1FA85EB700AF5D35 /* ColorWheel.swift in Sources */ = {isa = PBXBuildFile; fileRef = B767A9B51FA85EB700AF5D35 /* ColorWheel.swift */; };
		B767A9BB1FA85EB700AF5D35 /* SelectedColorView.swift in Sources */ = {isa = PBXBuildFile; fileRef = B767A9B61FA85EB700AF5D35 /* SelectedColorView.swift */; };
		B767A9BD1FA8690000AF5D35 /* ThirdViewController.swift in Sources */ = {isa = PBXBuildFile; fileRef = B767A9BC1FA8690000AF5D35 /* ThirdViewController.swift */; };
/* End PBXBuildFile section */

/* Begin PBXContainerItemProxy section */
		B767A9931FA8588200AF5D35 /* PBXContainerItemProxy */ = {
			isa = PBXContainerItemProxy;
			containerPortal = B767A9741FA8588100AF5D35 /* Project object */;
			proxyType = 1;
			remoteGlobalIDString = B767A97B1FA8588100AF5D35;
			remoteInfo = EXSENSE_1.0;
		};
		B767A99E1FA8588200AF5D35 /* PBXContainerItemProxy */ = {
			isa = PBXContainerItemProxy;
			containerPortal = B767A9741FA8588100AF5D35 /* Project object */;
			proxyType = 1;
			remoteGlobalIDString = B767A97B1FA8588100AF5D35;
			remoteInfo = EXSENSE_1.0;
		};
/* End PBXContainerItemProxy section */

/* Begin PBXFileReference section */
		B767A97C1FA8588100AF5D35 /* EXSENSE_1.0.app */ = {isa = PBXFileReference; explicitFileType = wrapper.application; includeInIndex = 0; path = EXSENSE_1.0.app; sourceTree = BUILT_PRODUCTS_DIR; };
		B767A97F1FA8588200AF5D35 /* AppDelegate.swift */ = {isa = PBXFileReference; lastKnownFileType = sourcecode.swift; path = AppDelegate.swift; sourceTree = "<group>"; };
		B767A9811FA8588200AF5D35 /* FirstViewController.swift */ = {isa = PBXFileReference; lastKnownFileType = sourcecode.swift; path = FirstViewController.swift; sourceTree = "<group>"; };
		B767A9831FA8588200AF5D35 /* SecondViewController.swift */ = {isa = PBXFileReference; lastKnownFileType = sourcecode.swift; path = SecondViewController.swift; sourceTree = "<group>"; };
		B767A9861FA8588200AF5D35 /* Base */ = {isa = PBXFileReference; lastKnownFileType = file.storyboard; name = Base; path = Base.lproj/Main.storyboard; sourceTree = "<group>"; };
		B767A9881FA8588200AF5D35 /* Assets.xcassets */ = {isa = PBXFileReference; lastKnownFileType = folder.assetcatalog; path = Assets.xcassets; sourceTree = "<group>"; };
		B767A98B1FA8588200AF5D35 /* Base */ = {isa = PBXFileReference; lastKnownFileType = file.storyboard; name = Base; path = Base.lproj/LaunchScreen.storyboard; sourceTree = "<group>"; };
		B767A98D1FA8588200AF5D35 /* Info.plist */ = {isa = PBXFileReference; lastKnownFileType = text.plist.xml; path = Info.plist; sourceTree = "<group>"; };
		B767A9921FA8588200AF5D35 /* EXSENSE_1.0Tests.xctest */ = {isa = PBXFileReference; explicitFileType = wrapper.cfbundle; includeInIndex = 0; path = EXSENSE_1.0Tests.xctest; sourceTree = BUILT_PRODUCTS_DIR; };
		B767A9961FA8588200AF5D35 /* EXSENSE_1_0Tests.swift */ = {isa = PBXFileReference; lastKnownFileType = sourcecode.swift; path = EXSENSE_1_0Tests.swift; sourceTree = "<group>"; };
		B767A9981FA8588200AF5D35 /* Info.plist */ = {isa = PBXFileReference; lastKnownFileType = text.plist.xml; path = Info.plist; sourceTree = "<group>"; };
		B767A99D1FA8588200AF5D35 /* EXSENSE_1.0UITests.xctest */ = {isa = PBXFileReference; explicitFileType = wrapper.cfbundle; includeInIndex = 0; path = EXSENSE_1.0UITests.xctest; sourceTree = BUILT_PRODUCTS_DIR; };
		B767A9A11FA8588200AF5D35 /* EXSENSE_1_0UITests.swift */ = {isa = PBXFileReference; lastKnownFileType = sourcecode.swift; path = EXSENSE_1_0UITests.swift; sourceTree = "<group>"; };
		B767A9A31FA8588200AF5D35 /* Info.plist */ = {isa = PBXFileReference; lastKnownFileType = text.plist.xml; path = Info.plist; sourceTree = "<group>"; };
		B767A9B21FA85EB700AF5D35 /* BrightnessView.swift */ = {isa = PBXFileReference; fileEncoding = 4; lastKnownFileType = sourcecode.swift; path = BrightnessView.swift; sourceTree = "<group>"; };
		B767A9B31FA85EB700AF5D35 /* ColorUtils.swift */ = {isa = PBXFileReference; fileEncoding = 4; lastKnownFileType = sourcecode.swift; path = ColorUtils.swift; sourceTree = "<group>"; };
		B767A9B41FA85EB700AF5D35 /* SwiftHSVColorPicker.swift */ = {isa = PBXFileReference; fileEncoding = 4; lastKnownFileType = sourcecode.swift; path = SwiftHSVColorPicker.swift; sourceTree = "<group>"; };
		B767A9B51FA85EB700AF5D35 /* ColorWheel.swift */ = {isa = PBXFileReference; fileEncoding = 4; lastKnownFileType = sourcecode.swift; path = ColorWheel.swift; sourceTree = "<group>"; };
		B767A9B61FA85EB700AF5D35 /* SelectedColorView.swift */ = {isa = PBXFileReference; fileEncoding = 4; lastKnownFileType = sourcecode.swift; path = SelectedColorView.swift; sourceTree = "<group>"; };
		B767A9BC1FA8690000AF5D35 /* ThirdViewController.swift */ = {isa = PBXFileReference; lastKnownFileType = sourcecode.swift; path = ThirdViewController.swift; sourceTree = "<group>"; };
/* End PBXFileReference section */

/* Begin PBXFrameworksBuildPhase section */
		B767A9791FA8588100AF5D35 /* Frameworks */ = {
			isa = PBXFrameworksBuildPhase;
			buildActionMask = 2147483647;
			files = (
			);
			runOnlyForDeploymentPostprocessing = 0;
		};
		B767A98F1FA8588200AF5D35 /* Frameworks */ = {
			isa = PBXFrameworksBuildPhase;
			buildActionMask = 2147483647;
			files = (
			);
			runOnlyForDeploymentPostprocessing = 0;
		};
		B767A99A1FA8588200AF5D35 /* Frameworks */ = {
			isa = PBXFrameworksBuildPhase;
			buildActionMask = 2147483647;
			files = (
			);
			runOnlyForDeploymentPostprocessing = 0;
		};
/* End PBXFrameworksBuildPhase section */

/* Begin PBXGroup section */
		B767A9731FA8588100AF5D35 = {
			isa = PBXGroup;
			children = (
				B767A97E1FA8588100AF5D35 /* EXSENSE_1.0 */,
				B767A9951FA8588200AF5D35 /* EXSENSE_1.0Tests */,
				B767A9A01FA8588200AF5D35 /* EXSENSE_1.0UITests */,
				B767A97D1FA8588100AF5D35 /* Products */,
			);
			sourceTree = "<group>";
		};
		B767A97D1FA8588100AF5D35 /* Products */ = {
			isa = PBXGroup;
			children = (
				B767A97C1FA8588100AF5D35 /* EXSENSE_1.0.app */,
				B767A9921FA8588200AF5D35 /* EXSENSE_1.0Tests.xctest */,
				B767A99D1FA8588200AF5D35 /* EXSENSE_1.0UITests.xctest */,
			);
			name = Products;
			sourceTree = "<group>";
		};
		B767A97E1FA8588100AF5D35 /* EXSENSE_1.0 */ = {
			isa = PBXGroup;
			children = (
				B767A9B11FA85EB700AF5D35 /* Source */,
				B767A97F1FA8588200AF5D35 /* AppDelegate.swift */,
				B767A9811FA8588200AF5D35 /* FirstViewController.swift */,
				B767A9831FA8588200AF5D35 /* SecondViewController.swift */,
				B767A9BC1FA8690000AF5D35 /* ThirdViewController.swift */,
				B767A9851FA8588200AF5D35 /* Main.storyboard */,
				B767A9881FA8588200AF5D35 /* Assets.xcassets */,
				B767A98A1FA8588200AF5D35 /* LaunchScreen.storyboard */,
				B767A98D1FA8588200AF5D35 /* Info.plist */,
			);
			path = EXSENSE_1.0;
			sourceTree = "<group>";
		};
		B767A9951FA8588200AF5D35 /* EXSENSE_1.0Tests */ = {
			isa = PBXGroup;
			children = (
				B767A9961FA8588200AF5D35 /* EXSENSE_1_0Tests.swift */,
				B767A9981FA8588200AF5D35 /* Info.plist */,
			);
			path = EXSENSE_1.0Tests;
			sourceTree = "<group>";
		};
		B767A9A01FA8588200AF5D35 /* EXSENSE_1.0UITests */ = {
			isa = PBXGroup;
			children = (
				B767A9A11FA8588200AF5D35 /* EXSENSE_1_0UITests.swift */,
				B767A9A31FA8588200AF5D35 /* Info.plist */,
			);
			path = EXSENSE_1.0UITests;
			sourceTree = "<group>";
		};
		B767A9B11FA85EB700AF5D35 /* Source */ = {
			isa = PBXGroup;
			children = (
				B767A9B21FA85EB700AF5D35 /* BrightnessView.swift */,
				B767A9B31FA85EB700AF5D35 /* ColorUtils.swift */,
				B767A9B41FA85EB700AF5D35 /* SwiftHSVColorPicker.swift */,
				B767A9B51FA85EB700AF5D35 /* ColorWheel.swift */,
				B767A9B61FA85EB700AF5D35 /* SelectedColorView.swift */,
			);
			path = Source;
			sourceTree = SOURCE_ROOT;
		};
/* End PBXGroup section */

/* Begin PBXNativeTarget section */
		B767A97B1FA8588100AF5D35 /* EXSENSE_1.0 */ = {
			isa = PBXNativeTarget;
			buildConfigurationList = B767A9A61FA8588200AF5D35 /* Build configuration list for PBXNativeTarget "EXSENSE_1.0" */;
			buildPhases = (
				B767A9781FA8588100AF5D35 /* Sources */,
				B767A9791FA8588100AF5D35 /* Frameworks */,
				B767A97A1FA8588100AF5D35 /* Resources */,
			);
			buildRules = (
			);
			dependencies = (
			);
			name = EXSENSE_1.0;
			productName = EXSENSE_1.0;
			productReference = B767A97C1FA8588100AF5D35 /* EXSENSE_1.0.app */;
			productType = "com.apple.product-type.application";
		};
		B767A9911FA8588200AF5D35 /* EXSENSE_1.0Tests */ = {
			isa = PBXNativeTarget;
			buildConfigurationList = B767A9A91FA8588200AF5D35 /* Build configuration list for PBXNativeTarget "EXSENSE_1.0Tests" */;
			buildPhases = (
				B767A98E1FA8588200AF5D35 /* Sources */,
				B767A98F1FA8588200AF5D35 /* Frameworks */,
				B767A9901FA8588200AF5D35 /* Resources */,
			);
			buildRules = (
			);
			dependencies = (
				B767A9941FA8588200AF5D35 /* PBXTargetDependency */,
			);
			name = EXSENSE_1.0Tests;
			productName = EXSENSE_1.0Tests;
			productReference = B767A9921FA8588200AF5D35 /* EXSENSE_1.0Tests.xctest */;
			productType = "com.apple.product-type.bundle.unit-test";
		};
		B767A99C1FA8588200AF5D35 /* EXSENSE_1.0UITests */ = {
			isa = PBXNativeTarget;
			buildConfigurationList = B767A9AC1FA8588200AF5D35 /* Build configuration list for PBXNativeTarget "EXSENSE_1.0UITests" */;
			buildPhases = (
				B767A9991FA8588200AF5D35 /* Sources */,
				B767A99A1FA8588200AF5D35 /* Frameworks */,
				B767A99B1FA8588200AF5D35 /* Resources */,
			);
			buildRules = (
			);
			dependencies = (
				B767A99F1FA8588200AF5D35 /* PBXTargetDependency */,
			);
			name = EXSENSE_1.0UITests;
			productName = EXSENSE_1.0UITests;
			productReference = B767A99D1FA8588200AF5D35 /* EXSENSE_1.0UITests.xctest */;
			productType = "com.apple.product-type.bundle.ui-testing";
		};
/* End PBXNativeTarget section */

/* Begin PBXProject section */
		B767A9741FA8588100AF5D35 /* Project object */ = {
			isa = PBXProject;
			attributes = {
				LastSwiftUpdateCheck = 0900;
				LastUpgradeCheck = 0900;
				ORGANIZATIONNAME = "江川主民";
				TargetAttributes = {
					B767A97B1FA8588100AF5D35 = {
						CreatedOnToolsVersion = 9.0.1;
						ProvisioningStyle = Automatic;
					};
					B767A9911FA8588200AF5D35 = {
						CreatedOnToolsVersion = 9.0.1;
						ProvisioningStyle = Automatic;
						TestTargetID = B767A97B1FA8588100AF5D35;
					};
					B767A99C1FA8588200AF5D35 = {
						CreatedOnToolsVersion = 9.0.1;
						ProvisioningStyle = Automatic;
						TestTargetID = B767A97B1FA8588100AF5D35;
					};
				};
			};
			buildConfigurationList = B767A9771FA8588100AF5D35 /* Build configuration list for PBXProject "EXSENSE_1.0" */;
			compatibilityVersion = "Xcode 8.0";
			developmentRegion = en;
			hasScannedForEncodings = 0;
			knownRegions = (
				en,
				Base,
			);
			mainGroup = B767A9731FA8588100AF5D35;
			productRefGroup = B767A97D1FA8588100AF5D35 /* Products */;
			projectDirPath = "";
			projectRoot = "";
			targets = (
				B767A97B1FA8588100AF5D35 /* EXSENSE_1.0 */,
				B767A9911FA8588200AF5D35 /* EXSENSE_1.0Tests */,
				B767A99C1FA8588200AF5D35 /* EXSENSE_1.0UITests */,
			);
		};
/* End PBXProject section */

/* Begin PBXResourcesBuildPhase section */
		B767A97A1FA8588100AF5D35 /* Resources */ = {
			isa = PBXResourcesBuildPhase;
			buildActionMask = 2147483647;
			files = (
				B767A98C1FA8588200AF5D35 /* LaunchScreen.storyboard in Resources */,
				B767A9891FA8588200AF5D35 /* Assets.xcassets in Resources */,
				B767A9871FA8588200AF5D35 /* Main.storyboard in Resources */,
			);
			runOnlyForDeploymentPostprocessing = 0;
		};
		B767A9901FA8588200AF5D35 /* Resources */ = {
			isa = PBXResourcesBuildPhase;
			buildActionMask = 2147483647;
			files = (
			);
			runOnlyForDeploymentPostprocessing = 0;
		};
		B767A99B1FA8588200AF5D35 /* Resources */ = {
			isa = PBXResourcesBuildPhase;
			buildActionMask = 2147483647;
			files = (
			);
			runOnlyForDeploymentPostprocessing = 0;
		};
/* End PBXResourcesBuildPhase section */

/* Begin PBXSourcesBuildPhase section */
		B767A9781FA8588100AF5D35 /* Sources */ = {
			isa = PBXSourcesBuildPhase;
			buildActionMask = 2147483647;
			files = (
				B767A9841FA8588200AF5D35 /* SecondViewController.swift in Sources */,
				B767A9BD1FA8690000AF5D35 /* ThirdViewController.swift in Sources */,
				B767A9B91FA85EB700AF5D35 /* SwiftHSVColorPicker.swift in Sources */,
				B767A9B81FA85EB700AF5D35 /* ColorUtils.swift in Sources */,
				B767A9801FA8588200AF5D35 /* AppDelegate.swift in Sources */,
				B767A9BA1FA85EB700AF5D35 /* ColorWheel.swift in Sources */,
				B767A9BB1FA85EB700AF5D35 /* SelectedColorView.swift in Sources */,
				B767A9821FA8588200AF5D35 /* FirstViewController.swift in Sources */,
				B767A9B71FA85EB700AF5D35 /* BrightnessView.swift in Sources */,
			);
			runOnlyForDeploymentPostprocessing = 0;
		};
		B767A98E1FA8588200AF5D35 /* Sources */ = {
			isa = PBXSourcesBuildPhase;
			buildActionMask = 2147483647;
			files = (
				B767A9971FA8588200AF5D35 /* EXSENSE_1_0Tests.swift in Sources */,
			);
			runOnlyForDeploymentPostprocessing = 0;
		};
		B767A9991FA8588200AF5D35 /* Sources */ = {
			isa = PBXSourcesBuildPhase;
			buildActionMask = 2147483647;
			files = (
				B767A9A21FA8588200AF5D35 /* EXSENSE_1_0UITests.swift in Sources */,
			);
			runOnlyForDeploymentPostprocessing = 0;
		};
/* End PBXSourcesBuildPhase section */

/* Begin PBXTargetDependency section */
		B767A9941FA8588200AF5D35 /* PBXTargetDependency */ = {
			isa = PBXTargetDependency;
			target = B767A97B1FA8588100AF5D35 /* EXSENSE_1.0 */;
			targetProxy = B767A9931FA8588200AF5D35 /* PBXContainerItemProxy */;
		};
		B767A99F1FA8588200AF5D35 /* PBXTargetDependency */ = {
			isa = PBXTargetDependency;
			target = B767A97B1FA8588100AF5D35 /* EXSENSE_1.0 */;
			targetProxy = B767A99E1FA8588200AF5D35 /* PBXContainerItemProxy */;
		};
/* End PBXTargetDependency section */

/* Begin PBXVariantGroup section */
		B767A9851FA8588200AF5D35 /* Main.storyboard */ = {
			isa = PBXVariantGroup;
			children = (
				B767A9861FA8588200AF5D35 /* Base */,
			);
			name = Main.storyboard;
			sourceTree = "<group>";
		};
		B767A98A1FA8588200AF5D35 /* LaunchScreen.storyboard */ = {
			isa = PBXVariantGroup;
			children = (
				B767A98B1FA8588200AF5D35 /* Base */,
			);
			name = LaunchScreen.storyboard;
			sourceTree = "<group>";
		};
/* End PBXVariantGroup section */

/* Begin XCBuildConfiguration section */
		B767A9A41FA8588200AF5D35 /* Debug */ = {
			isa = XCBuildConfiguration;
			buildSettings = {
				ALWAYS_SEARCH_USER_PATHS = NO;
				CLANG_ANALYZER_NONNULL = YES;
				CLANG_ANALYZER_NUMBER_OBJECT_CONVERSION = YES_AGGRESSIVE;
				CLANG_CXX_LANGUAGE_STANDARD = "gnu++14";
				CLANG_CXX_LIBRARY = "libc++";
				CLANG_ENABLE_MODULES = YES;
				CLANG_ENABLE_OBJC_ARC = YES;
				CLANG_WARN_BLOCK_CAPTURE_AUTORELEASING = YES;
				CLANG_WARN_BOOL_CONVERSION = YES;
				CLANG_WARN_COMMA = YES;
				CLANG_WARN_CONSTANT_CONVERSION = YES;
				CLANG_WARN_DIRECT_OBJC_ISA_USAGE = YES_ERROR;
				CLANG_WARN_DOCUMENTATION_COMMENTS = YES;
				CLANG_WARN_EMPTY_BODY = YES;
				CLANG_WARN_ENUM_CONVERSION = YES;
				CLANG_WARN_INFINITE_RECURSION = YES;
				CLANG_WARN_INT_CONVERSION = YES;
				CLANG_WARN_NON_LITERAL_NULL_CONVERSION = YES;
				CLANG_WARN_OBJC_LITERAL_CONVERSION = YES;
				CLANG_WARN_OBJC_ROOT_CLASS = YES_ERROR;
				CLANG_WARN_RANGE_LOOP_ANALYSIS = YES;
				CLANG_WARN_STRICT_PROTOTYPES = YES;
				CLANG_WARN_SUSPICIOUS_MOVE = YES;
				CLANG_WARN_UNGUARDED_AVAILABILITY = YES_AGGRESSIVE;
				CLANG_WARN_UNREACHABLE_CODE = YES;
				CLANG_WARN__DUPLICATE_METHOD_MATCH = YES;
				CODE_SIGN_IDENTITY = "iPhone Developer";
				COPY_PHASE_STRIP = NO;
				DEBUG_INFORMATION_FORMAT = dwarf;
				ENABLE_STRICT_OBJC_MSGSEND = YES;
				ENABLE_TESTABILITY = YES;
				GCC_C_LANGUAGE_STANDARD = gnu11;
				GCC_DYNAMIC_NO_PIC = NO;
				GCC_NO_COMMON_BLOCKS = YES;
				GCC_OPTIMIZATION_LEVEL = 0;
				GCC_PREPROCESSOR_DEFINITIONS = (
					"DEBUG=1",
					"$(inherited)",
				);
				GCC_WARN_64_TO_32_BIT_CONVERSION = YES;
				GCC_WARN_ABOUT_RETURN_TYPE = YES_ERROR;
				GCC_WARN_UNDECLARED_SELECTOR = YES;
				GCC_WARN_UNINITIALIZED_AUTOS = YES_AGGRESSIVE;
				GCC_WARN_UNUSED_FUNCTION = YES;
				GCC_WARN_UNUSED_VARIABLE = YES;
				IPHONEOS_DEPLOYMENT_TARGET = 11.0;
				MTL_ENABLE_DEBUG_INFO = YES;
				ONLY_ACTIVE_ARCH = YES;
				SDKROOT = iphoneos;
				SWIFT_ACTIVE_COMPILATION_CONDITIONS = DEBUG;
				SWIFT_OPTIMIZATION_LEVEL = "-Onone";
			};
			name = Debug;
		};
		B767A9A51FA8588200AF5D35 /* Release */ = {
			isa = XCBuildConfiguration;
			buildSettings = {
				ALWAYS_SEARCH_USER_PATHS = NO;
				CLANG_ANALYZER_NONNULL = YES;
				CLANG_ANALYZER_NUMBER_OBJECT_CONVERSION = YES_AGGRESSIVE;
				CLANG_CXX_LANGUAGE_STANDARD = "gnu++14";
				CLANG_CXX_LIBRARY = "libc++";
				CLANG_ENABLE_MODULES = YES;
				CLANG_ENABLE_OBJC_ARC = YES;
				CLANG_WARN_BLOCK_CAPTURE_AUTORELEASING = YES;
				CLANG_WARN_BOOL_CONVERSION = YES;
				CLANG_WARN_COMMA = YES;
				CLANG_WARN_CONSTANT_CONVERSION = YES;
				CLANG_WARN_DIRECT_OBJC_ISA_USAGE = YES_ERROR;
				CLANG_WARN_DOCUMENTATION_COMMENTS = YES;
				CLANG_WARN_EMPTY_BODY = YES;
				CLANG_WARN_ENUM_CONVERSION = YES;
				CLANG_WARN_INFINITE_RECURSION = YES;
				CLANG_WARN_INT_CONVERSION = YES;
				CLANG_WARN_NON_LITERAL_NULL_CONVERSION = YES;
				CLANG_WARN_OBJC_LITERAL_CONVERSION = YES;
				CLANG_WARN_OBJC_ROOT_CLASS = YES_ERROR;
				CLANG_WARN_RANGE_LOOP_ANALYSIS = YES;
				CLANG_WARN_STRICT_PROTOTYPES = YES;
				CLANG_WARN_SUSPICIOUS_MOVE = YES;
				CLANG_WARN_UNGUARDED_AVAILABILITY = YES_AGGRESSIVE;
				CLANG_WARN_UNREACHABLE_CODE = YES;
				CLANG_WARN__DUPLICATE_METHOD_MATCH = YES;
				CODE_SIGN_IDENTITY = "iPhone Developer";
				COPY_PHASE_STRIP = NO;
				DEBUG_INFORMATION_FORMAT = "dwarf-with-dsym";
				ENABLE_NS_ASSERTIONS = NO;
				ENABLE_STRICT_OBJC_MSGSEND = YES;
				GCC_C_LANGUAGE_STANDARD = gnu11;
				GCC_NO_COMMON_BLOCKS = YES;
				GCC_WARN_64_TO_32_BIT_CONVERSION = YES;
				GCC_WARN_ABOUT_RETURN_TYPE = YES_ERROR;
				GCC_WARN_UNDECLARED_SELECTOR = YES;
				GCC_WARN_UNINITIALIZED_AUTOS = YES_AGGRESSIVE;
				GCC_WARN_UNUSED_FUNCTION = YES;
				GCC_WARN_UNUSED_VARIABLE = YES;
				IPHONEOS_DEPLOYMENT_TARGET = 11.0;
				MTL_ENABLE_DEBUG_INFO = NO;
				SDKROOT = iphoneos;
				SWIFT_OPTIMIZATION_LEVEL = "-Owholemodule";
				VALIDATE_PRODUCT = YES;
			};
			name = Release;
		};
		B767A9A71FA8588200AF5D35 /* Debug */ = {
			isa = XCBuildConfiguration;
			buildSettings = {
				ASSETCATALOG_COMPILER_APPICON_NAME = AppIcon;
				CODE_SIGN_STYLE = Automatic;
				DEVELOPMENT_TEAM = LURA6JK8TU;
				INFOPLIST_FILE = EXSENSE_1.0/Info.plist;
				LD_RUNPATH_SEARCH_PATHS = "$(inherited) @executable_path/Frameworks";
				PRODUCT_BUNDLE_IDENTIFIER = "kazmeegawa.EXSENSE-1-0";
				PRODUCT_NAME = "$(TARGET_NAME)";
				SWIFT_VERSION = 4.0;
				TARGETED_DEVICE_FAMILY = "1,2";
			};
			name = Debug;
		};
		B767A9A81FA8588200AF5D35 /* Release */ = {
			isa = XCBuildConfiguration;
			buildSettings = {
				ASSETCATALOG_COMPILER_APPICON_NAME = AppIcon;
				CODE_SIGN_STYLE = Automatic;
				DEVELOPMENT_TEAM = LURA6JK8TU;
				INFOPLIST_FILE = EXSENSE_1.0/Info.plist;
				LD_RUNPATH_SEARCH_PATHS = "$(inherited) @executable_path/Frameworks";
				PRODUCT_BUNDLE_IDENTIFIER = "kazmeegawa.EXSENSE-1-0";
				PRODUCT_NAME = "$(TARGET_NAME)";
				SWIFT_VERSION = 4.0;
				TARGETED_DEVICE_FAMILY = "1,2";
			};
			name = Release;
		};
		B767A9AA1FA8588200AF5D35 /* Debug */ = {
			isa = XCBuildConfiguration;
			buildSettings = {
				ALWAYS_EMBED_SWIFT_STANDARD_LIBRARIES = YES;
				BUNDLE_LOADER = "$(TEST_HOST)";
				CODE_SIGN_STYLE = Automatic;
				DEVELOPMENT_TEAM = LURA6JK8TU;
				INFOPLIST_FILE = EXSENSE_1.0Tests/Info.plist;
				LD_RUNPATH_SEARCH_PATHS = "$(inherited) @executable_path/Frameworks @loader_path/Frameworks";
				PRODUCT_BUNDLE_IDENTIFIER = "kazmeegawa.EXSENSE-1-0Tests";
				PRODUCT_NAME = "$(TARGET_NAME)";
				SWIFT_VERSION = 4.0;
				TARGETED_DEVICE_FAMILY = "1,2";
				TEST_HOST = "$(BUILT_PRODUCTS_DIR)/EXSENSE_1.0.app/EXSENSE_1.0";
			};
			name = Debug;
		};
		B767A9AB1FA8588200AF5D35 /* Release */ = {
			isa = XCBuildConfiguration;
			buildSettings = {
				ALWAYS_EMBED_SWIFT_STANDARD_LIBRARIES = YES;
				BUNDLE_LOADER = "$(TEST_HOST)";
				CODE_SIGN_STYLE = Automatic;
				DEVELOPMENT_TEAM = LURA6JK8TU;
				INFOPLIST_FILE = EXSENSE_1.0Tests/Info.plist;
				LD_RUNPATH_SEARCH_PATHS = "$(inherited) @executable_path/Frameworks @loader_path/Frameworks";
				PRODUCT_BUNDLE_IDENTIFIER = "kazmeegawa.EXSENSE-1-0Tests";
				PRODUCT_NAME = "$(TARGET_NAME)";
				SWIFT_VERSION = 4.0;
				TARGETED_DEVICE_FAMILY = "1,2";
				TEST_HOST = "$(BUILT_PRODUCTS_DIR)/EXSENSE_1.0.app/EXSENSE_1.0";
			};
			name = Release;
		};
		B767A9AD1FA8588200AF5D35 /* Debug */ = {
			isa = XCBuildConfiguration;
			buildSettings = {
				ALWAYS_EMBED_SWIFT_STANDARD_LIBRARIES = YES;
				CODE_SIGN_STYLE = Automatic;
				DEVELOPMENT_TEAM = LURA6JK8TU;
				INFOPLIST_FILE = EXSENSE_1.0UITests/Info.plist;
				LD_RUNPATH_SEARCH_PATHS = "$(inherited) @executable_path/Frameworks @loader_path/Frameworks";
				PRODUCT_BUNDLE_IDENTIFIER = "kazmeegawa.EXSENSE-1-0UITests";
				PRODUCT_NAME = "$(TARGET_NAME)";
				SWIFT_VERSION = 4.0;
				TARGETED_DEVICE_FAMILY = "1,2";
				TEST_TARGET_NAME = EXSENSE_1.0;
			};
			name = Debug;
		};
		B767A9AE1FA8588200AF5D35 /* Release */ = {
			isa = XCBuildConfiguration;
			buildSettings = {
				ALWAYS_EMBED_SWIFT_STANDARD_LIBRARIES = YES;
				CODE_SIGN_STYLE = Automatic;
				DEVELOPMENT_TEAM = LURA6JK8TU;
				INFOPLIST_FILE = EXSENSE_1.0UITests/Info.plist;
				LD_RUNPATH_SEARCH_PATHS = "$(inherited) @executable_path/Frameworks @loader_path/Frameworks";
				PRODUCT_BUNDLE_IDENTIFIER = "kazmeegawa.EXSENSE-1-0UITests";
				PRODUCT_NAME = "$(TARGET_NAME)";
				SWIFT_VERSION = 4.0;
				TARGETED_DEVICE_FAMILY = "1,2";
				TEST_TARGET_NAME = EXSENSE_1.0;
			};
			name = Release;
		};
/* End XCBuildConfiguration section */

/* Begin XCConfigurationList section */
		B767A9771FA8588100AF5D35 /* Build configuration list for PBXProject "EXSENSE_1.0" */ = {
			isa = XCConfigurationList;
			buildConfigurations = (
				B767A9A41FA8588200AF5D35 /* Debug */,
				B767A9A51FA8588200AF5D35 /* Release */,
			);
			defaultConfigurationIsVisible = 0;
			defaultConfigurationName = Release;
		};
		B767A9A61FA8588200AF5D35 /* Build configuration list for PBXNativeTarget "EXSENSE_1.0" */ = {
			isa = XCConfigurationList;
			buildConfigurations = (
				B767A9A71FA8588200AF5D35 /* Debug */,
				B767A9A81FA8588200AF5D35 /* Release */,
			);
			defaultConfigurationIsVisible = 0;
			defaultConfigurationName = Release;
		};
		B767A9A91FA8588200AF5D35 /* Build configuration list for PBXNativeTarget "EXSENSE_1.0Tests" */ = {
			isa = XCConfigurationList;
			buildConfigurations = (
				B767A9AA1FA8588200AF5D35 /* Debug */,
				B767A9AB1FA8588200AF5D35 /* Release */,
			);
			defaultConfigurationIsVisible = 0;
			defaultConfigurationName = Release;
		};
		B767A9AC1FA8588200AF5D35 /* Build configuration list for PBXNativeTarget "EXSENSE_1.0UITests" */ = {
			isa = XCConfigurationList;
			buildConfigurations = (
				B767A9AD1FA8588200AF5D35 /* Debug */,
				B767A9AE1FA8588200AF5D35 /* Release */,
			);
			defaultConfigurationIsVisible = 0;
			defaultConfigurationName = Release;
		};
/* End XCConfigurationList section */
	};
	rootObject = B767A9741FA8588100AF5D35 /* Project object */;
}
